Microsoft Visual Studio Solution File, Format Version 12.00
# Visual Studio 15
VisualStudioVersion = 15.0.27004.2005
MinimumVisualStudioVersion = 10.0.40219.1
Project("{2150E333-8FDC-42A3-9474-1A3956D46DE8}") = "src", "src", "{49025E67-7CD1-49B4-893F-6A22004841E9}"
EndProject
Project("{2150E333-8FDC-42A3-9474-1A3956D46DE8}") = "Solution Items", "Solution Items", "{512277A9-A379-496E-AC53-0719DF263FA8}"
	ProjectSection(SolutionItems) = preProject
		.gitignore = .gitignore
		appveyor.yml = appveyor.yml
		build.cake = build.cake
		build.ps1 = build.ps1
		build.sh = build.sh
		LICENSE.md = LICENSE.md
		README.md = README.md
	EndProjectSection
EndProject
Project("{2150E333-8FDC-42A3-9474-1A3956D46DE8}") = "test", "test", "{CAED3BB5-895C-40B5-BC8C-7F4C946FC104}"
EndProject
Project("{9A19103F-16F7-4668-BE54-9A1E7A4F7556}") = "GST.Library.API.REST", "src\GST.Library.API.REST\GST.Library.API.REST.csproj", "{B5ACCE18-8634-402C-92D5-6892E0C08C57}"
EndProject
Project("{9A19103F-16F7-4668-BE54-9A1E7A4F7556}") = "GST.Library.Data", "src\GST.Library.Data\GST.Library.Data.csproj", "{FF82829D-52C9-4FF0-960E-6F7EF6DB624A}"
EndProject
Project("{9A19103F-16F7-4668-BE54-9A1E7A4F7556}") = "GST.Library.Helper", "src\GST.Library.Helper\GST.Library.Helper.csproj", "{DB6D11BD-5EF6-473B-934E-80CC36E79EE6}"
EndProject
Project("{9A19103F-16F7-4668-BE54-9A1E7A4F7556}") = "GST.Library.StoredProcedureHelper", "src\GST.Library.StoredProcedureHelper\GST.Library.StoredProcedureHelper.csproj", "{B193451D-5BB7-4FAF-84AE-071FBFFF8749}"
EndProject
Project("{9A19103F-16F7-4668-BE54-9A1E7A4F7556}") = "GST.Library.API.REST.Tests", "test\GST.Library.API.REST.Tests\GST.Library.API.REST.Tests.csproj", "{E5625A9F-F230-4872-B0D0-6293B69DF1B1}"
EndProject
Project("{9A19103F-16F7-4668-BE54-9A1E7A4F7556}") = "GST.Library.Shared", "test\GST.Library.Shared\GST.Library.Shared.csproj", "{6902B008-D69D-4888-AF43-D258496FCAB4}"
EndProject
Project("{9A19103F-16F7-4668-BE54-9A1E7A4F7556}") = "GST.Library.Data.Tests", "test\GST.Library.Data.Tests\GST.Library.Data.Tests.csproj", "{CC1B2BC1-E35B-49BC-8496-A027F26569E0}"
EndProject
Project("{9A19103F-16F7-4668-BE54-9A1E7A4F7556}") = "GST.Library.Helper.Tests", "test\GST.Library.Helper.Tests\GST.Library.Helper.Tests.csproj", "{1B6C9512-255C-4605-AFFA-EF0E1D52C0D8}"
EndProject
Project("{9A19103F-16F7-4668-BE54-9A1E7A4F7556}") = "GST.Library.StoredProcedureHelper.Tests", "test\GST.Library.StoredProcedureHelper.Tests\GST.Library.StoredProcedureHelper.Tests.csproj", "{BC52509D-BA0E-41C9-934D-2FD131BCC3DC}"
EndProject
Global
	GlobalSection(SolutionConfigurationPlatforms) = preSolution
		Debug|Any CPU = Debug|Any CPU
		Debug|x64 = Debug|x64
		Debug|x86 = Debug|x86
		Pre-release|Any CPU = Pre-release|Any CPU
		Pre-release|x64 = Pre-release|x64
		Pre-release|x86 = Pre-release|x86
		Release|Any CPU = Release|Any CPU
		Release|x64 = Release|x64
		Release|x86 = Release|x86
	EndGlobalSection
	GlobalSection(ProjectConfigurationPlatforms) = postSolution
		{B5ACCE18-8634-402C-92D5-6892E0C08C57}.Debug|Any CPU.ActiveCfg = Debug|Any CPU
		{B5ACCE18-8634-402C-92D5-6892E0C08C57}.Debug|Any CPU.Build.0 = Debug|Any CPU
		{B5ACCE18-8634-402C-92D5-6892E0C08C57}.Debug|x64.ActiveCfg = Debug|Any CPU
		{B5ACCE18-8634-402C-92D5-6892E0C08C57}.Debug|x64.Build.0 = Debug|Any CPU
		{B5ACCE18-8634-402C-92D5-6892E0C08C57}.Debug|x86.ActiveCfg = Debug|Any CPU
		{B5ACCE18-8634-402C-92D5-6892E0C08C57}.Debug|x86.Build.0 = Debug|Any CPU
		{B5ACCE18-8634-402C-92D5-6892E0C08C57}.Pre-release|Any CPU.ActiveCfg = Release|Any CPU
		{B5ACCE18-8634-402C-92D5-6892E0C08C57}.Pre-release|Any CPU.Build.0 = Release|Any CPU
		{B5ACCE18-8634-402C-92D5-6892E0C08C57}.Pre-release|x64.ActiveCfg = Release|Any CPU
		{B5ACCE18-8634-402C-92D5-6892E0C08C57}.Pre-release|x64.Build.0 = Release|Any CPU
		{B5ACCE18-8634-402C-92D5-6892E0C08C57}.Pre-release|x86.ActiveCfg = Release|Any CPU
		{B5ACCE18-8634-402C-92D5-6892E0C08C57}.Pre-release|x86.Build.0 = Release|Any CPU
		{B5ACCE18-8634-402C-92D5-6892E0C08C57}.Release|Any CPU.ActiveCfg = Release|Any CPU
		{B5ACCE18-8634-402C-92D5-6892E0C08C57}.Release|Any CPU.Build.0 = Release|Any CPU
		{B5ACCE18-8634-402C-92D5-6892E0C08C57}.Release|x64.ActiveCfg = Release|Any CPU
		{B5ACCE18-8634-402C-92D5-6892E0C08C57}.Release|x64.Build.0 = Release|Any CPU
		{B5ACCE18-8634-402C-92D5-6892E0C08C57}.Release|x86.ActiveCfg = Release|Any CPU
		{B5ACCE18-8634-402C-92D5-6892E0C08C57}.Release|x86.Build.0 = Release|Any CPU
		{FF82829D-52C9-4FF0-960E-6F7EF6DB624A}.Debug|Any CPU.ActiveCfg = Debug|Any CPU
		{FF82829D-52C9-4FF0-960E-6F7EF6DB624A}.Debug|Any CPU.Build.0 = Debug|Any CPU
		{FF82829D-52C9-4FF0-960E-6F7EF6DB624A}.Debug|x64.ActiveCfg = Debug|Any CPU
		{FF82829D-52C9-4FF0-960E-6F7EF6DB624A}.Debug|x64.Build.0 = Debug|Any CPU
		{FF82829D-52C9-4FF0-960E-6F7EF6DB624A}.Debug|x86.ActiveCfg = Debug|Any CPU
		{FF82829D-52C9-4FF0-960E-6F7EF6DB624A}.Debug|x86.Build.0 = Debug|Any CPU
		{FF82829D-52C9-4FF0-960E-6F7EF6DB624A}.Pre-release|Any CPU.ActiveCfg = Release|Any CPU
		{FF82829D-52C9-4FF0-960E-6F7EF6DB624A}.Pre-release|Any CPU.Build.0 = Release|Any CPU
		{FF82829D-52C9-4FF0-960E-6F7EF6DB624A}.Pre-release|x64.ActiveCfg = Release|Any CPU
		{FF82829D-52C9-4FF0-960E-6F7EF6DB624A}.Pre-release|x64.Build.0 = Release|Any CPU
		{FF82829D-52C9-4FF0-960E-6F7EF6DB624A}.Pre-release|x86.ActiveCfg = Release|Any CPU
		{FF82829D-52C9-4FF0-960E-6F7EF6DB624A}.Pre-release|x86.Build.0 = Release|Any CPU
		{FF82829D-52C9-4FF0-960E-6F7EF6DB624A}.Release|Any CPU.ActiveCfg = Release|Any CPU
		{FF82829D-52C9-4FF0-960E-6F7EF6DB624A}.Release|Any CPU.Build.0 = Release|Any CPU
		{FF82829D-52C9-4FF0-960E-6F7EF6DB624A}.Release|x64.ActiveCfg = Release|Any CPU
		{FF82829D-52C9-4FF0-960E-6F7EF6DB624A}.Release|x64.Build.0 = Release|Any CPU
		{FF82829D-52C9-4FF0-960E-6F7EF6DB624A}.Release|x86.ActiveCfg = Release|Any CPU
		{FF82829D-52C9-4FF0-960E-6F7EF6DB624A}.Release|x86.Build.0 = Release|Any CPU
		{DB6D11BD-5EF6-473B-934E-80CC36E79EE6}.Debug|Any CPU.ActiveCfg = Debug|Any CPU
		{DB6D11BD-5EF6-473B-934E-80CC36E79EE6}.Debug|Any CPU.Build.0 = Debug|Any CPU
		{DB6D11BD-5EF6-473B-934E-80CC36E79EE6}.Debug|x64.ActiveCfg = Debug|Any CPU
		{DB6D11BD-5EF6-473B-934E-80CC36E79EE6}.Debug|x64.Build.0 = Debug|Any CPU
		{DB6D11BD-5EF6-473B-934E-80CC36E79EE6}.Debug|x86.ActiveCfg = Debug|Any CPU
		{DB6D11BD-5EF6-473B-934E-80CC36E79EE6}.Debug|x86.Build.0 = Debug|Any CPU
		{DB6D11BD-5EF6-473B-934E-80CC36E79EE6}.Pre-release|Any CPU.ActiveCfg = Release|Any CPU
		{DB6D11BD-5EF6-473B-934E-80CC36E79EE6}.Pre-release|Any CPU.Build.0 = Release|Any CPU
		{DB6D11BD-5EF6-473B-934E-80CC36E79EE6}.Pre-release|x64.ActiveCfg = Release|Any CPU
		{DB6D11BD-5EF6-473B-934E-80CC36E79EE6}.Pre-release|x64.Build.0 = Release|Any CPU
		{DB6D11BD-5EF6-473B-934E-80CC36E79EE6}.Pre-release|x86.ActiveCfg = Release|Any CPU
		{DB6D11BD-5EF6-473B-934E-80CC36E79EE6}.Pre-release|x86.Build.0 = Release|Any CPU
		{DB6D11BD-5EF6-473B-934E-80CC36E79EE6}.Release|Any CPU.ActiveCfg = Release|Any CPU
		{DB6D11BD-5EF6-473B-934E-80CC36E79EE6}.Release|Any CPU.Build.0 = Release|Any CPU
		{DB6D11BD-5EF6-473B-934E-80CC36E79EE6}.Release|x64.ActiveCfg = Release|Any CPU
		{DB6D11BD-5EF6-473B-934E-80CC36E79EE6}.Release|x64.Build.0 = Release|Any CPU
		{DB6D11BD-5EF6-473B-934E-80CC36E79EE6}.Release|x86.ActiveCfg = Release|Any CPU
		{DB6D11BD-5EF6-473B-934E-80CC36E79EE6}.Release|x86.Build.0 = Release|Any CPU
		{B193451D-5BB7-4FAF-84AE-071FBFFF8749}.Debug|Any CPU.ActiveCfg = Debug|Any CPU
		{B193451D-5BB7-4FAF-84AE-071FBFFF8749}.Debug|Any CPU.Build.0 = Debug|Any CPU
		{B193451D-5BB7-4FAF-84AE-071FBFFF8749}.Debug|x64.ActiveCfg = Debug|Any CPU
		{B193451D-5BB7-4FAF-84AE-071FBFFF8749}.Debug|x64.Build.0 = Debug|Any CPU
		{B193451D-5BB7-4FAF-84AE-071FBFFF8749}.Debug|x86.ActiveCfg = Debug|Any CPU
		{B193451D-5BB7-4FAF-84AE-071FBFFF8749}.Debug|x86.Build.0 = Debug|Any CPU
		{B193451D-5BB7-4FAF-84AE-071FBFFF8749}.Pre-release|Any CPU.ActiveCfg = Release|Any CPU
		{B193451D-5BB7-4FAF-84AE-071FBFFF8749}.Pre-release|Any CPU.Build.0 = Release|Any CPU
		{B193451D-5BB7-4FAF-84AE-071FBFFF8749}.Pre-release|x64.ActiveCfg = Release|Any CPU
		{B193451D-5BB7-4FAF-84AE-071FBFFF8749}.Pre-release|x64.Build.0 = Release|Any CPU
		{B193451D-5BB7-4FAF-84AE-071FBFFF8749}.Pre-release|x86.ActiveCfg = Release|Any CPU
		{B193451D-5BB7-4FAF-84AE-071FBFFF8749}.Pre-release|x86.Build.0 = Release|Any CPU
		{B193451D-5BB7-4FAF-84AE-071FBFFF8749}.Release|Any CPU.ActiveCfg = Release|Any CPU
		{B193451D-5BB7-4FAF-84AE-071FBFFF8749}.Release|Any CPU.Build.0 = Release|Any CPU
		{B193451D-5BB7-4FAF-84AE-071FBFFF8749}.Release|x64.ActiveCfg = Release|Any CPU
		{B193451D-5BB7-4FAF-84AE-071FBFFF8749}.Release|x64.Build.0 = Release|Any CPU
		{B193451D-5BB7-4FAF-84AE-071FBFFF8749}.Release|x86.ActiveCfg = Release|Any CPU
		{B193451D-5BB7-4FAF-84AE-071FBFFF8749}.Release|x86.Build.0 = Release|Any CPU
		{E5625A9F-F230-4872-B0D0-6293B69DF1B1}.Debug|Any CPU.ActiveCfg = Debug|Any CPU
		{E5625A9F-F230-4872-B0D0-6293B69DF1B1}.Debug|Any CPU.Build.0 = Debug|Any CPU
		{E5625A9F-F230-4872-B0D0-6293B69DF1B1}.Debug|x64.ActiveCfg = Debug|Any CPU
		{E5625A9F-F230-4872-B0D0-6293B69DF1B1}.Debug|x64.Build.0 = Debug|Any CPU
		{E5625A9F-F230-4872-B0D0-6293B69DF1B1}.Debug|x86.ActiveCfg = Debug|Any CPU
		{E5625A9F-F230-4872-B0D0-6293B69DF1B1}.Debug|x86.Build.0 = Debug|Any CPU
		{E5625A9F-F230-4872-B0D0-6293B69DF1B1}.Pre-release|Any CPU.ActiveCfg = Release|Any CPU
		{E5625A9F-F230-4872-B0D0-6293B69DF1B1}.Pre-release|Any CPU.Build.0 = Release|Any CPU
		{E5625A9F-F230-4872-B0D0-6293B69DF1B1}.Pre-release|x64.ActiveCfg = Release|Any CPU
		{E5625A9F-F230-4872-B0D0-6293B69DF1B1}.Pre-release|x64.Build.0 = Release|Any CPU
		{E5625A9F-F230-4872-B0D0-6293B69DF1B1}.Pre-release|x86.ActiveCfg = Release|Any CPU
		{E5625A9F-F230-4872-B0D0-6293B69DF1B1}.Pre-release|x86.Build.0 = Release|Any CPU
		{E5625A9F-F230-4872-B0D0-6293B69DF1B1}.Release|Any CPU.ActiveCfg = Release|Any CPU
		{E5625A9F-F230-4872-B0D0-6293B69DF1B1}.Release|Any CPU.Build.0 = Release|Any CPU
		{E5625A9F-F230-4872-B0D0-6293B69DF1B1}.Release|x64.ActiveCfg = Release|Any CPU
		{E5625A9F-F230-4872-B0D0-6293B69DF1B1}.Release|x64.Build.0 = Release|Any CPU
		{E5625A9F-F230-4872-B0D0-6293B69DF1B1}.Release|x86.ActiveCfg = Release|Any CPU
		{E5625A9F-F230-4872-B0D0-6293B69DF1B1}.Release|x86.Build.0 = Release|Any CPU
		{6902B008-D69D-4888-AF43-D258496FCAB4}.Debug|Any CPU.ActiveCfg = Debug|Any CPU
		{6902B008-D69D-4888-AF43-D258496FCAB4}.Debug|Any CPU.Build.0 = Debug|Any CPU
		{6902B008-D69D-4888-AF43-D258496FCAB4}.Debug|x64.ActiveCfg = Debug|Any CPU
		{6902B008-D69D-4888-AF43-D258496FCAB4}.Debug|x64.Build.0 = Debug|Any CPU
		{6902B008-D69D-4888-AF43-D258496FCAB4}.Debug|x86.ActiveCfg = Debug|Any CPU
		{6902B008-D69D-4888-AF43-D258496FCAB4}.Debug|x86.Build.0 = Debug|Any CPU
		{6902B008-D69D-4888-AF43-D258496FCAB4}.Pre-release|Any CPU.ActiveCfg = Release|Any CPU
		{6902B008-D69D-4888-AF43-D258496FCAB4}.Pre-release|Any CPU.Build.0 = Release|Any CPU
		{6902B008-D69D-4888-AF43-D258496FCAB4}.Pre-release|x64.ActiveCfg = Release|Any CPU
		{6902B008-D69D-4888-AF43-D258496FCAB4}.Pre-release|x64.Build.0 = Release|Any CPU
		{6902B008-D69D-4888-AF43-D258496FCAB4}.Pre-release|x86.ActiveCfg = Release|Any CPU
		{6902B008-D69D-4888-AF43-D258496FCAB4}.Pre-release|x86.Build.0 = Release|Any CPU
		{6902B008-D69D-4888-AF43-D258496FCAB4}.Release|Any CPU.ActiveCfg = Release|Any CPU
		{6902B008-D69D-4888-AF43-D258496FCAB4}.Release|Any CPU.Build.0 = Release|Any CPU
		{6902B008-D69D-4888-AF43-D258496FCAB4}.Release|x64.ActiveCfg = Release|Any CPU
		{6902B008-D69D-4888-AF43-D258496FCAB4}.Release|x64.Build.0 = Release|Any CPU
		{6902B008-D69D-4888-AF43-D258496FCAB4}.Release|x86.ActiveCfg = Release|Any CPU
		{6902B008-D69D-4888-AF43-D258496FCAB4}.Release|x86.Build.0 = Release|Any CPU
		{CC1B2BC1-E35B-49BC-8496-A027F26569E0}.Debug|Any CPU.ActiveCfg = Debug|Any CPU
		{CC1B2BC1-E35B-49BC-8496-A027F26569E0}.Debug|Any CPU.Build.0 = Debug|Any CPU
		{CC1B2BC1-E35B-49BC-8496-A027F26569E0}.Debug|x64.ActiveCfg = Debug|Any CPU
		{CC1B2BC1-E35B-49BC-8496-A027F26569E0}.Debug|x64.Build.0 = Debug|Any CPU
		{CC1B2BC1-E35B-49BC-8496-A027F26569E0}.Debug|x86.ActiveCfg = Debug|Any CPU
		{CC1B2BC1-E35B-49BC-8496-A027F26569E0}.Debug|x86.Build.0 = Debug|Any CPU
		{CC1B2BC1-E35B-49BC-8496-A027F26569E0}.Pre-release|Any CPU.ActiveCfg = Release|Any CPU
		{CC1B2BC1-E35B-49BC-8496-A027F26569E0}.Pre-release|Any CPU.Build.0 = Release|Any CPU
		{CC1B2BC1-E35B-49BC-8496-A027F26569E0}.Pre-release|x64.ActiveCfg = Release|Any CPU
		{CC1B2BC1-E35B-49BC-8496-A027F26569E0}.Pre-release|x64.Build.0 = Release|Any CPU
		{CC1B2BC1-E35B-49BC-8496-A027F26569E0}.Pre-release|x86.ActiveCfg = Release|Any CPU
		{CC1B2BC1-E35B-49BC-8496-A027F26569E0}.Pre-release|x86.Build.0 = Release|Any CPU
		{CC1B2BC1-E35B-49BC-8496-A027F26569E0}.Release|Any CPU.ActiveCfg = Release|Any CPU
		{CC1B2BC1-E35B-49BC-8496-A027F26569E0}.Release|Any CPU.Build.0 = Release|Any CPU
		{CC1B2BC1-E35B-49BC-8496-A027F26569E0}.Release|x64.ActiveCfg = Release|Any CPU
		{CC1B2BC1-E35B-49BC-8496-A027F26569E0}.Release|x64.Build.0 = Release|Any CPU
		{CC1B2BC1-E35B-49BC-8496-A027F26569E0}.Release|x86.ActiveCfg = Release|Any CPU
		{CC1B2BC1-E35B-49BC-8496-A027F26569E0}.Release|x86.Build.0 = Release|Any CPU
		{1B6C9512-255C-4605-AFFA-EF0E1D52C0D8}.Debug|Any CPU.ActiveCfg = Debug|Any CPU
		{1B6C9512-255C-4605-AFFA-EF0E1D52C0D8}.Debug|Any CPU.Build.0 = Debug|Any CPU
		{1B6C9512-255C-4605-AFFA-EF0E1D52C0D8}.Debug|x64.ActiveCfg = Debug|Any CPU
		{1B6C9512-255C-4605-AFFA-EF0E1D52C0D8}.Debug|x64.Build.0 = Debug|Any CPU
		{1B6C9512-255C-4605-AFFA-EF0E1D52C0D8}.Debug|x86.ActiveCfg = Debug|Any CPU
		{1B6C9512-255C-4605-AFFA-EF0E1D52C0D8}.Debug|x86.Build.0 = Debug|Any CPU
		{1B6C9512-255C-4605-AFFA-EF0E1D52C0D8}.Pre-release|Any CPU.ActiveCfg = Release|Any CPU
		{1B6C9512-255C-4605-AFFA-EF0E1D52C0D8}.Pre-release|Any CPU.Build.0 = Release|Any CPU
		{1B6C9512-255C-4605-AFFA-EF0E1D52C0D8}.Pre-release|x64.ActiveCfg = Release|Any CPU
		{1B6C9512-255C-4605-AFFA-EF0E1D52C0D8}.Pre-release|x64.Build.0 = Release|Any CPU
		{1B6C9512-255C-4605-AFFA-EF0E1D52C0D8}.Pre-release|x86.ActiveCfg = Release|Any CPU
		{1B6C9512-255C-4605-AFFA-EF0E1D52C0D8}.Pre-release|x86.Build.0 = Release|Any CPU
		{1B6C9512-255C-4605-AFFA-EF0E1D52C0D8}.Release|Any CPU.ActiveCfg = Release|Any CPU
		{1B6C9512-255C-4605-AFFA-EF0E1D52C0D8}.Release|Any CPU.Build.0 = Release|Any CPU
		{1B6C9512-255C-4605-AFFA-EF0E1D52C0D8}.Release|x64.ActiveCfg = Release|Any CPU
		{1B6C9512-255C-4605-AFFA-EF0E1D52C0D8}.Release|x64.Build.0 = Release|Any CPU
		{1B6C9512-255C-4605-AFFA-EF0E1D52C0D8}.Release|x86.ActiveCfg = Release|Any CPU
		{1B6C9512-255C-4605-AFFA-EF0E1D52C0D8}.Release|x86.Build.0 = Release|Any CPU
		{BC52509D-BA0E-41C9-934D-2FD131BCC3DC}.Debug|Any CPU.ActiveCfg = Debug|Any CPU
		{BC52509D-BA0E-41C9-934D-2FD131BCC3DC}.Debug|Any CPU.Build.0 = Debug|Any CPU
		{BC52509D-BA0E-41C9-934D-2FD131BCC3DC}.Debug|x64.ActiveCfg = Debug|Any CPU
		{BC52509D-BA0E-41C9-934D-2FD131BCC3DC}.Debug|x64.Build.0 = Debug|Any CPU
		{BC52509D-BA0E-41C9-934D-2FD131BCC3DC}.Debug|x86.ActiveCfg = Debug|Any CPU
		{BC52509D-BA0E-41C9-934D-2FD131BCC3DC}.Debug|x86.Build.0 = Debug|Any CPU
		{BC52509D-BA0E-41C9-934D-2FD131BCC3DC}.Pre-release|Any CPU.ActiveCfg = Release|Any CPU
		{BC52509D-BA0E-41C9-934D-2FD131BCC3DC}.Pre-release|Any CPU.Build.0 = Release|Any CPU
		{BC52509D-BA0E-41C9-934D-2FD131BCC3DC}.Pre-release|x64.ActiveCfg = Release|Any CPU
		{BC52509D-BA0E-41C9-934D-2FD131BCC3DC}.Pre-release|x64.Build.0 = Release|Any CPU
		{BC52509D-BA0E-41C9-934D-2FD131BCC3DC}.Pre-release|x86.ActiveCfg = Release|Any CPU
		{BC52509D-BA0E-41C9-934D-2FD131BCC3DC}.Pre-release|x86.Build.0 = Release|Any CPU
		{BC52509D-BA0E-41C9-934D-2FD131BCC3DC}.Release|Any CPU.ActiveCfg = Release|Any CPU
		{BC52509D-BA0E-41C9-934D-2FD131BCC3DC}.Release|Any CPU.Build.0 = Release|Any CPU
		{BC52509D-BA0E-41C9-934D-2FD131BCC3DC}.Release|x64.ActiveCfg = Release|Any CPU
		{BC52509D-BA0E-41C9-934D-2FD131BCC3DC}.Release|x64.Build.0 = Release|Any CPU
		{BC52509D-BA0E-41C9-934D-2FD131BCC3DC}.Release|x86.ActiveCfg = Release|Any CPU
		{BC52509D-BA0E-41C9-934D-2FD131BCC3DC}.Release|x86.Build.0 = Release|Any CPU
	EndGlobalSection
	GlobalSection(SolutionProperties) = preSolution
		HideSolutionNode = FALSE
	EndGlobalSection
	GlobalSection(NestedProjects) = preSolution
		{B5ACCE18-8634-402C-92D5-6892E0C08C57} = {49025E67-7CD1-49B4-893F-6A22004841E9}
		{FF82829D-52C9-4FF0-960E-6F7EF6DB624A} = {49025E67-7CD1-49B4-893F-6A22004841E9}
		{DB6D11BD-5EF6-473B-934E-80CC36E79EE6} = {49025E67-7CD1-49B4-893F-6A22004841E9}
		{B193451D-5BB7-4FAF-84AE-071FBFFF8749} = {49025E67-7CD1-49B4-893F-6A22004841E9}
		{E5625A9F-F230-4872-B0D0-6293B69DF1B1} = {CAED3BB5-895C-40B5-BC8C-7F4C946FC104}
		{6902B008-D69D-4888-AF43-D258496FCAB4} = {CAED3BB5-895C-40B5-BC8C-7F4C946FC104}
		{CC1B2BC1-E35B-49BC-8496-A027F26569E0} = {CAED3BB5-895C-40B5-BC8C-7F4C946FC104}
		{1B6C9512-255C-4605-AFFA-EF0E1D52C0D8} = {CAED3BB5-895C-40B5-BC8C-7F4C946FC104}
		{BC52509D-BA0E-41C9-934D-2FD131BCC3DC} = {CAED3BB5-895C-40B5-BC8C-7F4C946FC104}
	EndGlobalSection
	GlobalSection(ExtensibilityGlobals) = postSolution
		SolutionGuid = {A5F7A732-E0C0-4114-AA36-B3F7ECFAF2DF}
	EndGlobalSection
EndGlobal
