
Microsoft Visual Studio Solution File, Format Version 12.00
# Visual Studio 14
VisualStudioVersion = 14.0.25420.1
MinimumVisualStudioVersion = 10.0.40219.1
Project("{2150E333-8FDC-42A3-9474-1A3956D46DE8}") = "src", "src", "{49025E67-7CD1-49B4-893F-6A22004841E9}"
EndProject
Project("{2150E333-8FDC-42A3-9474-1A3956D46DE8}") = "Solution Items", "Solution Items", "{512277A9-A379-496E-AC53-0719DF263FA8}"
	ProjectSection(SolutionItems) = preProject
		global.json = global.json
		GST.Library.nuspec = GST.Library.nuspec
	EndProjectSection
EndProject
Project("{8BB2217D-0F2D-49D1-97BC-3654ED321F3B}") = "GST.Library.API.REST", "src\GST.Library.API.REST\GST.Library.API.REST.xproj", "{836E945C-AC69-4A1E-B8CA-B218B2DCF03E}"
EndProject
Project("{2150E333-8FDC-42A3-9474-1A3956D46DE8}") = "test", "test", "{CAED3BB5-895C-40B5-BC8C-7F4C946FC104}"
EndProject
Project("{8BB2217D-0F2D-49D1-97BC-3654ED321F3B}") = "GST.Library.API.REST.Tests", "test\GST.Library.API.REST.Tests\GST.Library.API.REST.Tests.xproj", "{D09BC0AD-3592-425E-9D6B-CA32DF53819B}"
EndProject
Project("{8BB2217D-0F2D-49D1-97BC-3654ED321F3B}") = "GST.Library.Shared", "test\GST.Library.Shared\GST.Library.Shared.xproj", "{FBF51B68-3E09-433B-BE82-F8680E1E7A6A}"
EndProject
Project("{8BB2217D-0F2D-49D1-97BC-3654ED321F3B}") = "GST.Library.Data", "src\GST.Library.Data\GST.Library.Data.xproj", "{F5C49D6B-C2B4-4A43-A38F-66584BC87507}"
EndProject
Project("{8BB2217D-0F2D-49D1-97BC-3654ED321F3B}") = "GST.Library.Data.Tests", "test\GST.Library.Data.Tests\GST.Library.Data.Tests.xproj", "{7F1BE27B-ECAB-42CE-9DCD-95040D70797F}"
EndProject
Project("{8BB2217D-0F2D-49D1-97BC-3654ED321F3B}") = "GST.Library.Helper", "src\GST.Library.Helper\GST.Library.Helper.xproj", "{76BA2E2A-4771-4D6D-8DE8-04A96A1237A9}"
EndProject
Project("{8BB2217D-0F2D-49D1-97BC-3654ED321F3B}") = "GST.Library.StoredProcedureHelper", "src\GST.Library.StoredProcedureHelper\GST.Library.StoredProcedureHelper.xproj", "{481B771B-461F-4F0B-B96A-0A6B0EA5BAC2}"
EndProject
Project("{8BB2217D-0F2D-49D1-97BC-3654ED321F3B}") = "GST.Library.Helper.Tests", "test\GST.Library.Helper.Tests\GST.Library.Helper.Tests.xproj", "{94ADBEFF-98C1-4EB7-9610-C67E5C171F9B}"
EndProject
Project("{8BB2217D-0F2D-49D1-97BC-3654ED321F3B}") = "GST.Library.StoredProcedureHelper.Tests", "test\GST.Library.StoredProcedureHelper.Tests\GST.Library.StoredProcedureHelper.Tests.xproj", "{C6E55301-6FB7-41D9-A396-DA6AFCD1105C}"
EndProject
Global
	GlobalSection(SolutionConfigurationPlatforms) = preSolution
		Debug|Any CPU = Debug|Any CPU
		Pre-release|Any CPU = Pre-release|Any CPU
		Release|Any CPU = Release|Any CPU
	EndGlobalSection
	GlobalSection(ProjectConfigurationPlatforms) = postSolution
		{836E945C-AC69-4A1E-B8CA-B218B2DCF03E}.Debug|Any CPU.ActiveCfg = Debug|Any CPU
		{836E945C-AC69-4A1E-B8CA-B218B2DCF03E}.Debug|Any CPU.Build.0 = Debug|Any CPU
		{836E945C-AC69-4A1E-B8CA-B218B2DCF03E}.Pre-release|Any CPU.ActiveCfg = Debug|Any CPU
		{836E945C-AC69-4A1E-B8CA-B218B2DCF03E}.Pre-release|Any CPU.Build.0 = Debug|Any CPU
		{836E945C-AC69-4A1E-B8CA-B218B2DCF03E}.Release|Any CPU.ActiveCfg = Release|Any CPU
		{836E945C-AC69-4A1E-B8CA-B218B2DCF03E}.Release|Any CPU.Build.0 = Release|Any CPU
		{D09BC0AD-3592-425E-9D6B-CA32DF53819B}.Debug|Any CPU.ActiveCfg = Debug|Any CPU
		{D09BC0AD-3592-425E-9D6B-CA32DF53819B}.Debug|Any CPU.Build.0 = Debug|Any CPU
		{D09BC0AD-3592-425E-9D6B-CA32DF53819B}.Pre-release|Any CPU.ActiveCfg = Pre-release|Any CPU
		{D09BC0AD-3592-425E-9D6B-CA32DF53819B}.Pre-release|Any CPU.Build.0 = Pre-release|Any CPU
		{D09BC0AD-3592-425E-9D6B-CA32DF53819B}.Release|Any CPU.ActiveCfg = Release|Any CPU
		{D09BC0AD-3592-425E-9D6B-CA32DF53819B}.Release|Any CPU.Build.0 = Release|Any CPU
		{FBF51B68-3E09-433B-BE82-F8680E1E7A6A}.Debug|Any CPU.ActiveCfg = Debug|Any CPU
		{FBF51B68-3E09-433B-BE82-F8680E1E7A6A}.Debug|Any CPU.Build.0 = Debug|Any CPU
		{FBF51B68-3E09-433B-BE82-F8680E1E7A6A}.Pre-release|Any CPU.ActiveCfg = Pre-release|Any CPU
		{FBF51B68-3E09-433B-BE82-F8680E1E7A6A}.Pre-release|Any CPU.Build.0 = Pre-release|Any CPU
		{FBF51B68-3E09-433B-BE82-F8680E1E7A6A}.Release|Any CPU.ActiveCfg = Release|Any CPU
		{FBF51B68-3E09-433B-BE82-F8680E1E7A6A}.Release|Any CPU.Build.0 = Release|Any CPU
		{F5C49D6B-C2B4-4A43-A38F-66584BC87507}.Debug|Any CPU.ActiveCfg = Debug|Any CPU
		{F5C49D6B-C2B4-4A43-A38F-66584BC87507}.Debug|Any CPU.Build.0 = Debug|Any CPU
		{F5C49D6B-C2B4-4A43-A38F-66584BC87507}.Pre-release|Any CPU.ActiveCfg = Debug|Any CPU
		{F5C49D6B-C2B4-4A43-A38F-66584BC87507}.Pre-release|Any CPU.Build.0 = Debug|Any CPU
		{F5C49D6B-C2B4-4A43-A38F-66584BC87507}.Release|Any CPU.ActiveCfg = Release|Any CPU
		{F5C49D6B-C2B4-4A43-A38F-66584BC87507}.Release|Any CPU.Build.0 = Release|Any CPU
		{7F1BE27B-ECAB-42CE-9DCD-95040D70797F}.Debug|Any CPU.ActiveCfg = Debug|Any CPU
		{7F1BE27B-ECAB-42CE-9DCD-95040D70797F}.Debug|Any CPU.Build.0 = Debug|Any CPU
		{7F1BE27B-ECAB-42CE-9DCD-95040D70797F}.Pre-release|Any CPU.ActiveCfg = Pre-release|Any CPU
		{7F1BE27B-ECAB-42CE-9DCD-95040D70797F}.Pre-release|Any CPU.Build.0 = Pre-release|Any CPU
		{7F1BE27B-ECAB-42CE-9DCD-95040D70797F}.Release|Any CPU.ActiveCfg = Release|Any CPU
		{7F1BE27B-ECAB-42CE-9DCD-95040D70797F}.Release|Any CPU.Build.0 = Release|Any CPU
		{76BA2E2A-4771-4D6D-8DE8-04A96A1237A9}.Debug|Any CPU.ActiveCfg = Debug|Any CPU
		{76BA2E2A-4771-4D6D-8DE8-04A96A1237A9}.Debug|Any CPU.Build.0 = Debug|Any CPU
		{76BA2E2A-4771-4D6D-8DE8-04A96A1237A9}.Pre-release|Any CPU.ActiveCfg = Debug|Any CPU
		{76BA2E2A-4771-4D6D-8DE8-04A96A1237A9}.Pre-release|Any CPU.Build.0 = Debug|Any CPU
		{76BA2E2A-4771-4D6D-8DE8-04A96A1237A9}.Release|Any CPU.ActiveCfg = Release|Any CPU
		{76BA2E2A-4771-4D6D-8DE8-04A96A1237A9}.Release|Any CPU.Build.0 = Release|Any CPU
		{481B771B-461F-4F0B-B96A-0A6B0EA5BAC2}.Debug|Any CPU.ActiveCfg = Debug|Any CPU
		{481B771B-461F-4F0B-B96A-0A6B0EA5BAC2}.Debug|Any CPU.Build.0 = Debug|Any CPU
		{481B771B-461F-4F0B-B96A-0A6B0EA5BAC2}.Pre-release|Any CPU.ActiveCfg = Debug|Any CPU
		{481B771B-461F-4F0B-B96A-0A6B0EA5BAC2}.Pre-release|Any CPU.Build.0 = Debug|Any CPU
		{481B771B-461F-4F0B-B96A-0A6B0EA5BAC2}.Release|Any CPU.ActiveCfg = Release|Any CPU
		{481B771B-461F-4F0B-B96A-0A6B0EA5BAC2}.Release|Any CPU.Build.0 = Release|Any CPU
		{94ADBEFF-98C1-4EB7-9610-C67E5C171F9B}.Debug|Any CPU.ActiveCfg = Debug|Any CPU
		{94ADBEFF-98C1-4EB7-9610-C67E5C171F9B}.Debug|Any CPU.Build.0 = Debug|Any CPU
		{94ADBEFF-98C1-4EB7-9610-C67E5C171F9B}.Pre-release|Any CPU.ActiveCfg = Pre-release|Any CPU
		{94ADBEFF-98C1-4EB7-9610-C67E5C171F9B}.Pre-release|Any CPU.Build.0 = Pre-release|Any CPU
		{94ADBEFF-98C1-4EB7-9610-C67E5C171F9B}.Release|Any CPU.ActiveCfg = Release|Any CPU
		{94ADBEFF-98C1-4EB7-9610-C67E5C171F9B}.Release|Any CPU.Build.0 = Release|Any CPU
		{C6E55301-6FB7-41D9-A396-DA6AFCD1105C}.Debug|Any CPU.ActiveCfg = Debug|Any CPU
		{C6E55301-6FB7-41D9-A396-DA6AFCD1105C}.Debug|Any CPU.Build.0 = Debug|Any CPU
		{C6E55301-6FB7-41D9-A396-DA6AFCD1105C}.Pre-release|Any CPU.ActiveCfg = Pre-release|Any CPU
		{C6E55301-6FB7-41D9-A396-DA6AFCD1105C}.Pre-release|Any CPU.Build.0 = Pre-release|Any CPU
		{C6E55301-6FB7-41D9-A396-DA6AFCD1105C}.Release|Any CPU.ActiveCfg = Release|Any CPU
		{C6E55301-6FB7-41D9-A396-DA6AFCD1105C}.Release|Any CPU.Build.0 = Release|Any CPU
	EndGlobalSection
	GlobalSection(SolutionProperties) = preSolution
		HideSolutionNode = FALSE
	EndGlobalSection
	GlobalSection(NestedProjects) = preSolution
		{836E945C-AC69-4A1E-B8CA-B218B2DCF03E} = {49025E67-7CD1-49B4-893F-6A22004841E9}
		{D09BC0AD-3592-425E-9D6B-CA32DF53819B} = {CAED3BB5-895C-40B5-BC8C-7F4C946FC104}
		{FBF51B68-3E09-433B-BE82-F8680E1E7A6A} = {CAED3BB5-895C-40B5-BC8C-7F4C946FC104}
		{F5C49D6B-C2B4-4A43-A38F-66584BC87507} = {49025E67-7CD1-49B4-893F-6A22004841E9}
		{7F1BE27B-ECAB-42CE-9DCD-95040D70797F} = {CAED3BB5-895C-40B5-BC8C-7F4C946FC104}
		{76BA2E2A-4771-4D6D-8DE8-04A96A1237A9} = {49025E67-7CD1-49B4-893F-6A22004841E9}
		{481B771B-461F-4F0B-B96A-0A6B0EA5BAC2} = {49025E67-7CD1-49B4-893F-6A22004841E9}
		{94ADBEFF-98C1-4EB7-9610-C67E5C171F9B} = {CAED3BB5-895C-40B5-BC8C-7F4C946FC104}
		{C6E55301-6FB7-41D9-A396-DA6AFCD1105C} = {CAED3BB5-895C-40B5-BC8C-7F4C946FC104}
	EndGlobalSection
EndGlobal
